
Microsoft Visual Studio Solution File, Format Version 12.00
# Visual Studio Version 17
VisualStudioVersion = 17.5.33627.172
MinimumVisualStudioVersion = 10.0.40219.1
Project("{9A19103F-16F7-4668-BE54-9A1E7A4F7556}") = "Mini Spotify Controller", "Mini Spotify Controller.csproj", "{45B859C4-1CA9-4AA1-9800-D5A63BE769FC}"
EndProject
Global
	GlobalSection(SolutionConfigurationPlatforms) = preSolution
		Debug|Any CPU = Debug|Any CPU
		Debug|x64 = Debug|x64
		Release|Any CPU = Release|Any CPU
		Release|x64 = Release|x64
	EndGlobalSection
	GlobalSection(ProjectConfigurationPlatforms) = postSolution
		{45B859C4-1CA9-4AA1-9800-D5A63BE769FC}.Debug|Any CPU.ActiveCfg = Debug|x64
		{45B859C4-1CA9-4AA1-9800-D5A63BE769FC}.Debug|Any CPU.Build.0 = Debug|x64
		{45B859C4-1CA9-4AA1-9800-D5A63BE769FC}.Debug|x64.ActiveCfg = Debug|x64
		{45B859C4-1CA9-4AA1-9800-D5A63BE769FC}.Debug|x64.Build.0 = Debug|x64
		{45B859C4-1CA9-4AA1-9800-D5A63BE769FC}.Release|Any CPU.ActiveCfg = Release|Any CPU
		{45B859C4-1CA9-4AA1-9800-D5A63BE769FC}.Release|Any CPU.Build.0 = Release|Any CPU
		{45B859C4-1CA9-4AA1-9800-D5A63BE769FC}.Release|x64.ActiveCfg = Release|x64
		{45B859C4-1CA9-4AA1-9800-D5A63BE769FC}.Release|x64.Build.0 = Release|x64
	EndGlobalSection
	GlobalSection(SolutionProperties) = preSolution
		HideSolutionNode = FALSE
	EndGlobalSection
	GlobalSection(ExtensibilityGlobals) = postSolution
		SolutionGuid = {8D6EC2BD-EBA0-44D9-8B7F-2E177F5F1BA6}
	EndGlobalSection
EndGlobal
